
Microsoft Visual Studio Solution File, Format Version 12.00
# Visual Studio Version 17
VisualStudioVersion = 17.2.32630.192
MinimumVisualStudioVersion = 10.0.40219.1
Project("{FAE04EC0-301F-11D3-BF4B-00C04F79EFBC}") = "EFCore", "EFCore\EFCore.csproj", "{96AF8590-9759-4018-A9EC-CA82C9965BB4}"
EndProject
Global
	GlobalSection(SolutionConfigurationPlatforms) = preSolution
		Debug|Any CPU = Debug|Any CPU
		Release|Any CPU = Release|Any CPU
	EndGlobalSection
	GlobalSection(ProjectConfigurationPlatforms) = postSolution
		{96AF8590-9759-4018-A9EC-CA82C9965BB4}.Debug|Any CPU.ActiveCfg = Debug|Any CPU
		{96AF8590-9759-4018-A9EC-CA82C9965BB4}.Debug|Any CPU.Build.0 = Debug|Any CPU
		{96AF8590-9759-4018-A9EC-CA82C9965BB4}.Release|Any CPU.ActiveCfg = Release|Any CPU
		{96AF8590-9759-4018-A9EC-CA82C9965BB4}.Release|Any CPU.Build.0 = Release|Any CPU
	EndGlobalSection
	GlobalSection(SolutionProperties) = preSolution
		HideSolutionNode = FALSE
	EndGlobalSection
	GlobalSection(ExtensibilityGlobals) = postSolution
		SolutionGuid = {BBE2BB8C-A2B7-4B30-BAFE-F9B1E1457E86}
	EndGlobalSection
EndGlobal
